// !$*UTF8*$!
{
	archiveVersion = 1;
	classes = {
	};
	objectVersion = 46;
	objects = {

/* Begin PBXBuildFile section */
		50F1B40B2CCAD03E541D1EC0 /* libPods-Commute.a in Frameworks */ = {isa = PBXBuildFile; fileRef = 0359D6297D7AB0CB1E692AA0 /* libPods-Commute.a */; };
		BE15A59C1BB1EF3D00CD56AD /* Globals.m in Sources */ = {isa = PBXBuildFile; fileRef = BE15A59B1BB1EF3D00CD56AD /* Globals.m */; settings = {ASSET_TAGS = (); }; };
		BEEE874D1B13CB350038602E /* main.m in Sources */ = {isa = PBXBuildFile; fileRef = BEEE874C1B13CB350038602E /* main.m */; };
		BEEE87501B13CB350038602E /* AppDelegate.m in Sources */ = {isa = PBXBuildFile; fileRef = BEEE874F1B13CB350038602E /* AppDelegate.m */; };
		BEEE87531B13CB350038602E /* ViewController.m in Sources */ = {isa = PBXBuildFile; fileRef = BEEE87521B13CB350038602E /* ViewController.m */; };
		BEEE87561B13CB350038602E /* Main.storyboard in Resources */ = {isa = PBXBuildFile; fileRef = BEEE87541B13CB350038602E /* Main.storyboard */; };
		BEEE87581B13CB350038602E /* Images.xcassets in Resources */ = {isa = PBXBuildFile; fileRef = BEEE87571B13CB350038602E /* Images.xcassets */; };
		BEEE875B1B13CB350038602E /* LaunchScreen.xib in Resources */ = {isa = PBXBuildFile; fileRef = BEEE87591B13CB350038602E /* LaunchScreen.xib */; };
		BEEE87671B13CB350038602E /* CommuteTests.m in Sources */ = {isa = PBXBuildFile; fileRef = BEEE87661B13CB350038602E /* CommuteTests.m */; };
		BEEE87AC1B14B7EB0038602E /* IrishRailHTTPClient.m in Sources */ = {isa = PBXBuildFile; fileRef = BEEE87AB1B14B7EB0038602E /* IrishRailHTTPClient.m */; };
		BEEE87B21B14FE150038602E /* SaxParser.m in Sources */ = {isa = PBXBuildFile; fileRef = BEEE87B11B14FE150038602E /* SaxParser.m */; };
		BEEE87B51B151E9B0038602E /* ObjStationData.m in Sources */ = {isa = PBXBuildFile; fileRef = BEEE87B41B151E9B0038602E /* ObjStationData.m */; };
/* End PBXBuildFile section */

/* Begin PBXContainerItemProxy section */
		BEEE87611B13CB350038602E /* PBXContainerItemProxy */ = {
			isa = PBXContainerItemProxy;
			containerPortal = BEEE873F1B13CB350038602E /* Project object */;
			proxyType = 1;
			remoteGlobalIDString = BEEE87461B13CB350038602E;
			remoteInfo = Commute;
		};
/* End PBXContainerItemProxy section */

/* Begin PBXFileReference section */
		0359D6297D7AB0CB1E692AA0 /* libPods-Commute.a */ = {isa = PBXFileReference; explicitFileType = archive.ar; includeInIndex = 0; path = "libPods-Commute.a"; sourceTree = BUILT_PRODUCTS_DIR; };
		9B46E5A0897635CF4B73090B /* Pods-Commute.release.xcconfig */ = {isa = PBXFileReference; includeInIndex = 1; lastKnownFileType = text.xcconfig; name = "Pods-Commute.release.xcconfig"; path = "Pods/Target Support Files/Pods-Commute/Pods-Commute.release.xcconfig"; sourceTree = "<group>"; };
		A55750AD824EC468D6DEF84F /* Pods-Commute.debug.xcconfig */ = {isa = PBXFileReference; includeInIndex = 1; lastKnownFileType = text.xcconfig; name = "Pods-Commute.debug.xcconfig"; path = "Pods/Target Support Files/Pods-Commute/Pods-Commute.debug.xcconfig"; sourceTree = "<group>"; };
		BE15A59A1BB1EF3D00CD56AD /* Globals.h */ = {isa = PBXFileReference; fileEncoding = 4; lastKnownFileType = sourcecode.c.h; path = Globals.h; sourceTree = "<group>"; };
		BE15A59B1BB1EF3D00CD56AD /* Globals.m */ = {isa = PBXFileReference; fileEncoding = 4; lastKnownFileType = sourcecode.c.objc; path = Globals.m; sourceTree = "<group>"; };
		BEEE87471B13CB350038602E /* Commute.app */ = {isa = PBXFileReference; explicitFileType = wrapper.application; includeInIndex = 0; path = Commute.app; sourceTree = BUILT_PRODUCTS_DIR; };
		BEEE874B1B13CB350038602E /* Info.plist */ = {isa = PBXFileReference; lastKnownFileType = text.plist.xml; path = Info.plist; sourceTree = "<group>"; };
		BEEE874C1B13CB350038602E /* main.m */ = {isa = PBXFileReference; lastKnownFileType = sourcecode.c.objc; path = main.m; sourceTree = "<group>"; };
		BEEE874E1B13CB350038602E /* AppDelegate.h */ = {isa = PBXFileReference; lastKnownFileType = sourcecode.c.h; path = AppDelegate.h; sourceTree = "<group>"; };
		BEEE874F1B13CB350038602E /* AppDelegate.m */ = {isa = PBXFileReference; lastKnownFileType = sourcecode.c.objc; path = AppDelegate.m; sourceTree = "<group>"; };
		BEEE87511B13CB350038602E /* ViewController.h */ = {isa = PBXFileReference; lastKnownFileType = sourcecode.c.h; path = ViewController.h; sourceTree = "<group>"; };
		BEEE87521B13CB350038602E /* ViewController.m */ = {isa = PBXFileReference; lastKnownFileType = sourcecode.c.objc; path = ViewController.m; sourceTree = "<group>"; };
		BEEE87551B13CB350038602E /* Base */ = {isa = PBXFileReference; lastKnownFileType = file.storyboard; name = Base; path = Base.lproj/Main.storyboard; sourceTree = "<group>"; };
		BEEE87571B13CB350038602E /* Images.xcassets */ = {isa = PBXFileReference; lastKnownFileType = folder.assetcatalog; path = Images.xcassets; sourceTree = "<group>"; };
		BEEE875A1B13CB350038602E /* Base */ = {isa = PBXFileReference; lastKnownFileType = file.xib; name = Base; path = Base.lproj/LaunchScreen.xib; sourceTree = "<group>"; };
		BEEE87601B13CB350038602E /* CommuteTests.xctest */ = {isa = PBXFileReference; explicitFileType = wrapper.cfbundle; includeInIndex = 0; path = CommuteTests.xctest; sourceTree = BUILT_PRODUCTS_DIR; };
		BEEE87651B13CB350038602E /* Info.plist */ = {isa = PBXFileReference; lastKnownFileType = text.plist.xml; path = Info.plist; sourceTree = "<group>"; };
		BEEE87661B13CB350038602E /* CommuteTests.m */ = {isa = PBXFileReference; lastKnownFileType = sourcecode.c.objc; path = CommuteTests.m; sourceTree = "<group>"; };
		BEEE87A81B13CF980038602E /* PrefixHeader.pch */ = {isa = PBXFileReference; lastKnownFileType = sourcecode.c.h; path = PrefixHeader.pch; sourceTree = "<group>"; };
		BEEE87AA1B14B7EB0038602E /* IrishRailHTTPClient.h */ = {isa = PBXFileReference; fileEncoding = 4; lastKnownFileType = sourcecode.c.h; path = IrishRailHTTPClient.h; sourceTree = "<group>"; };
		BEEE87AB1B14B7EB0038602E /* IrishRailHTTPClient.m */ = {isa = PBXFileReference; fileEncoding = 4; lastKnownFileType = sourcecode.c.objc; path = IrishRailHTTPClient.m; sourceTree = "<group>"; };
		BEEE87B01B14FE150038602E /* SaxParser.h */ = {isa = PBXFileReference; fileEncoding = 4; lastKnownFileType = sourcecode.c.h; path = SaxParser.h; sourceTree = "<group>"; };
		BEEE87B11B14FE150038602E /* SaxParser.m */ = {isa = PBXFileReference; fileEncoding = 4; lastKnownFileType = sourcecode.c.objc; path = SaxParser.m; sourceTree = "<group>"; };
		BEEE87B31B151E9B0038602E /* ObjStationData.h */ = {isa = PBXFileReference; fileEncoding = 4; lastKnownFileType = sourcecode.c.h; path = ObjStationData.h; sourceTree = "<group>"; };
		BEEE87B41B151E9B0038602E /* ObjStationData.m */ = {isa = PBXFileReference; fileEncoding = 4; lastKnownFileType = sourcecode.c.objc; path = ObjStationData.m; sourceTree = "<group>"; };
/* End PBXFileReference section */

/* Begin PBXFrameworksBuildPhase section */
		BEEE87441B13CB350038602E /* Frameworks */ = {
			isa = PBXFrameworksBuildPhase;
			buildActionMask = 2147483647;
			files = (
				50F1B40B2CCAD03E541D1EC0 /* libPods-Commute.a in Frameworks */,
			);
			runOnlyForDeploymentPostprocessing = 0;
		};
		BEEE875D1B13CB350038602E /* Frameworks */ = {
			isa = PBXFrameworksBuildPhase;
			buildActionMask = 2147483647;
			files = (
			);
			runOnlyForDeploymentPostprocessing = 0;
		};
/* End PBXFrameworksBuildPhase section */

/* Begin PBXGroup section */
		BEEE873E1B13CB350038602E = {
			isa = PBXGroup;
			children = (
				BEEE87491B13CB350038602E /* Commute */,
				BEEE87631B13CB350038602E /* CommuteTests */,
				BEEE87481B13CB350038602E /* Products */,
				FD577CEC56890F559AFB8D03 /* Pods */,
				C6848753CEB1421CDB6F6146 /* Frameworks */,
			);
			sourceTree = "<group>";
		};
		BEEE87481B13CB350038602E /* Products */ = {
			isa = PBXGroup;
			children = (
				BEEE87471B13CB350038602E /* Commute.app */,
				BEEE87601B13CB350038602E /* CommuteTests.xctest */,
			);
			name = Products;
			sourceTree = "<group>";
		};
		BEEE87491B13CB350038602E /* Commute */ = {
			isa = PBXGroup;
			children = (
				BEEE87AD1B14FCC30038602E /* DataModel */,
				BEEE87A91B14B7260038602E /* Networking */,
				BEEE874E1B13CB350038602E /* AppDelegate.h */,
				BEEE874F1B13CB350038602E /* AppDelegate.m */,
				BEEE87511B13CB350038602E /* ViewController.h */,
				BEEE87521B13CB350038602E /* ViewController.m */,
				BEEE87541B13CB350038602E /* Main.storyboard */,
				BEEE87571B13CB350038602E /* Images.xcassets */,
				BEEE87591B13CB350038602E /* LaunchScreen.xib */,
				BEEE874A1B13CB350038602E /* Supporting Files */,
			);
			path = Commute;
			sourceTree = "<group>";
		};
		BEEE874A1B13CB350038602E /* Supporting Files */ = {
			isa = PBXGroup;
			children = (
				BEEE874B1B13CB350038602E /* Info.plist */,
				BEEE874C1B13CB350038602E /* main.m */,
				BEEE87A81B13CF980038602E /* PrefixHeader.pch */,
			);
			name = "Supporting Files";
			sourceTree = "<group>";
		};
		BEEE87631B13CB350038602E /* CommuteTests */ = {
			isa = PBXGroup;
			children = (
				BEEE87661B13CB350038602E /* CommuteTests.m */,
				BEEE87641B13CB350038602E /* Supporting Files */,
			);
			path = CommuteTests;
			sourceTree = "<group>";
		};
		BEEE87641B13CB350038602E /* Supporting Files */ = {
			isa = PBXGroup;
			children = (
				BEEE87651B13CB350038602E /* Info.plist */,
			);
			name = "Supporting Files";
			sourceTree = "<group>";
		};
		BEEE87A91B14B7260038602E /* Networking */ = {
			isa = PBXGroup;
			children = (
				BEEE87AA1B14B7EB0038602E /* IrishRailHTTPClient.h */,
				BEEE87AB1B14B7EB0038602E /* IrishRailHTTPClient.m */,
			);
			name = Networking;
			sourceTree = "<group>";
		};
		BEEE87AD1B14FCC30038602E /* DataModel */ = {
			isa = PBXGroup;
			children = (
				BE15A59A1BB1EF3D00CD56AD /* Globals.h */,
				BE15A59B1BB1EF3D00CD56AD /* Globals.m */,
				BEEE87B01B14FE150038602E /* SaxParser.h */,
				BEEE87B11B14FE150038602E /* SaxParser.m */,
				BEEE87B31B151E9B0038602E /* ObjStationData.h */,
				BEEE87B41B151E9B0038602E /* ObjStationData.m */,
			);
			name = DataModel;
			sourceTree = "<group>";
		};
		C6848753CEB1421CDB6F6146 /* Frameworks */ = {
			isa = PBXGroup;
			children = (
				0359D6297D7AB0CB1E692AA0 /* libPods-Commute.a */,
			);
			name = Frameworks;
			sourceTree = "<group>";
		};
		FD577CEC56890F559AFB8D03 /* Pods */ = {
			isa = PBXGroup;
			children = (
				A55750AD824EC468D6DEF84F /* Pods-Commute.debug.xcconfig */,
				9B46E5A0897635CF4B73090B /* Pods-Commute.release.xcconfig */,
			);
			name = Pods;
			sourceTree = "<group>";
		};
/* End PBXGroup section */

/* Begin PBXNativeTarget section */
		BEEE87461B13CB350038602E /* Commute */ = {
			isa = PBXNativeTarget;
			buildConfigurationList = BEEE876A1B13CB350038602E /* Build configuration list for PBXNativeTarget "Commute" */;
			buildPhases = (
				325FCB6F874C4BDABCD23FAD /* Check Pods Manifest.lock */,
				BEEE87431B13CB350038602E /* Sources */,
				BEEE87441B13CB350038602E /* Frameworks */,
				BEEE87451B13CB350038602E /* Resources */,
				83E61F9794B14407E7578F1B /* Copy Pods Resources */,
			);
			buildRules = (
			);
			dependencies = (
			);
			name = Commute;
			productName = Commute;
			productReference = BEEE87471B13CB350038602E /* Commute.app */;
			productType = "com.apple.product-type.application";
		};
		BEEE875F1B13CB350038602E /* CommuteTests */ = {
			isa = PBXNativeTarget;
			buildConfigurationList = BEEE876D1B13CB350038602E /* Build configuration list for PBXNativeTarget "CommuteTests" */;
			buildPhases = (
				BEEE875C1B13CB350038602E /* Sources */,
				BEEE875D1B13CB350038602E /* Frameworks */,
				BEEE875E1B13CB350038602E /* Resources */,
			);
			buildRules = (
			);
			dependencies = (
				BEEE87621B13CB350038602E /* PBXTargetDependency */,
			);
			name = CommuteTests;
			productName = CommuteTests;
			productReference = BEEE87601B13CB350038602E /* CommuteTests.xctest */;
			productType = "com.apple.product-type.bundle.unit-test";
		};
/* End PBXNativeTarget section */

/* Begin PBXProject section */
		BEEE873F1B13CB350038602E /* Project object */ = {
			isa = PBXProject;
			attributes = {
				LastUpgradeCheck = 0700;
				ORGANIZATIONNAME = "Derek Doherty";
				TargetAttributes = {
					BEEE87461B13CB350038602E = {
						CreatedOnToolsVersion = 6.3.2;
						SystemCapabilities = {
							com.apple.BackgroundModes = {
								enabled = 1;
							};
						};
					};
					BEEE875F1B13CB350038602E = {
						CreatedOnToolsVersion = 6.3.2;
						TestTargetID = BEEE87461B13CB350038602E;
					};
				};
			};
			buildConfigurationList = BEEE87421B13CB350038602E /* Build configuration list for PBXProject "Commute" */;
			compatibilityVersion = "Xcode 3.2";
			developmentRegion = English;
			hasScannedForEncodings = 0;
			knownRegions = (
				en,
				Base,
			);
			mainGroup = BEEE873E1B13CB350038602E;
			productRefGroup = BEEE87481B13CB350038602E /* Products */;
			projectDirPath = "";
			projectRoot = "";
			targets = (
				BEEE87461B13CB350038602E /* Commute */,
				BEEE875F1B13CB350038602E /* CommuteTests */,
			);
		};
/* End PBXProject section */

/* Begin PBXResourcesBuildPhase section */
		BEEE87451B13CB350038602E /* Resources */ = {
			isa = PBXResourcesBuildPhase;
			buildActionMask = 2147483647;
			files = (
				BEEE87561B13CB350038602E /* Main.storyboard in Resources */,
				BEEE875B1B13CB350038602E /* LaunchScreen.xib in Resources */,
				BEEE87581B13CB350038602E /* Images.xcassets in Resources */,
			);
			runOnlyForDeploymentPostprocessing = 0;
		};
		BEEE875E1B13CB350038602E /* Resources */ = {
			isa = PBXResourcesBuildPhase;
			buildActionMask = 2147483647;
			files = (
			);
			runOnlyForDeploymentPostprocessing = 0;
		};
/* End PBXResourcesBuildPhase section */

/* Begin PBXShellScriptBuildPhase section */
		325FCB6F874C4BDABCD23FAD /* Check Pods Manifest.lock */ = {
			isa = PBXShellScriptBuildPhase;
			buildActionMask = 2147483647;
			files = (
			);
			inputPaths = (
			);
			name = "Check Pods Manifest.lock";
			outputPaths = (
			);
			runOnlyForDeploymentPostprocessing = 0;
			shellPath = /bin/sh;
			shellScript = "diff \"${PODS_ROOT}/../Podfile.lock\" \"${PODS_ROOT}/Manifest.lock\" > /dev/null\nif [[ $? != 0 ]] ; then\n    cat << EOM\nerror: The sandbox is not in sync with the Podfile.lock. Run 'pod install' or update your CocoaPods installation.\nEOM\n    exit 1\nfi\n";
			showEnvVarsInLog = 0;
		};
		83E61F9794B14407E7578F1B /* Copy Pods Resources */ = {
			isa = PBXShellScriptBuildPhase;
			buildActionMask = 2147483647;
			files = (
			);
			inputPaths = (
			);
			name = "Copy Pods Resources";
			outputPaths = (
			);
			runOnlyForDeploymentPostprocessing = 0;
			shellPath = /bin/sh;
			shellScript = "\"${SRCROOT}/Pods/Target Support Files/Pods-Commute/Pods-Commute-resources.sh\"\n";
			showEnvVarsInLog = 0;
		};
/* End PBXShellScriptBuildPhase section */

/* Begin PBXSourcesBuildPhase section */
		BEEE87431B13CB350038602E /* Sources */ = {
			isa = PBXSourcesBuildPhase;
			buildActionMask = 2147483647;
			files = (
				BEEE87B51B151E9B0038602E /* ObjStationData.m in Sources */,
				BEEE87531B13CB350038602E /* ViewController.m in Sources */,
				BE15A59C1BB1EF3D00CD56AD /* Globals.m in Sources */,
				BEEE87AC1B14B7EB0038602E /* IrishRailHTTPClient.m in Sources */,
				BEEE87B21B14FE150038602E /* SaxParser.m in Sources */,
				BEEE87501B13CB350038602E /* AppDelegate.m in Sources */,
				BEEE874D1B13CB350038602E /* main.m in Sources */,
			);
			runOnlyForDeploymentPostprocessing = 0;
		};
		BEEE875C1B13CB350038602E /* Sources */ = {
			isa = PBXSourcesBuildPhase;
			buildActionMask = 2147483647;
			files = (
				BEEE87671B13CB350038602E /* CommuteTests.m in Sources */,
			);
			runOnlyForDeploymentPostprocessing = 0;
		};
/* End PBXSourcesBuildPhase section */

/* Begin PBXTargetDependency section */
		BEEE87621B13CB350038602E /* PBXTargetDependency */ = {
			isa = PBXTargetDependency;
			target = BEEE87461B13CB350038602E /* Commute */;
			targetProxy = BEEE87611B13CB350038602E /* PBXContainerItemProxy */;
		};
/* End PBXTargetDependency section */

/* Begin PBXVariantGroup section */
		BEEE87541B13CB350038602E /* Main.storyboard */ = {
			isa = PBXVariantGroup;
			children = (
				BEEE87551B13CB350038602E /* Base */,
			);
			name = Main.storyboard;
			sourceTree = "<group>";
		};
		BEEE87591B13CB350038602E /* LaunchScreen.xib */ = {
			isa = PBXVariantGroup;
			children = (
				BEEE875A1B13CB350038602E /* Base */,
			);
			name = LaunchScreen.xib;
			sourceTree = "<group>";
		};
/* End PBXVariantGroup section */

/* Begin XCBuildConfiguration section */
		BEEE87681B13CB350038602E /* Debug */ = {
			isa = XCBuildConfiguration;
			buildSettings = {
				ALWAYS_SEARCH_USER_PATHS = NO;
				CLANG_CXX_LANGUAGE_STANDARD = "gnu++0x";
				CLANG_CXX_LIBRARY = "libc++";
				CLANG_ENABLE_MODULES = YES;
				CLANG_ENABLE_OBJC_ARC = YES;
				CLANG_WARN_BOOL_CONVERSION = YES;
				CLANG_WARN_CONSTANT_CONVERSION = YES;
				CLANG_WARN_DIRECT_OBJC_ISA_USAGE = YES_ERROR;
				CLANG_WARN_EMPTY_BODY = YES;
				CLANG_WARN_ENUM_CONVERSION = YES;
				CLANG_WARN_INT_CONVERSION = YES;
				CLANG_WARN_OBJC_ROOT_CLASS = YES_ERROR;
				CLANG_WARN_UNREACHABLE_CODE = YES;
				CLANG_WARN__DUPLICATE_METHOD_MATCH = YES;
				"CODE_SIGN_IDENTITY[sdk=iphoneos*]" = "iPhone Developer";
				COPY_PHASE_STRIP = NO;
				DEBUG_INFORMATION_FORMAT = "dwarf-with-dsym";
				ENABLE_STRICT_OBJC_MSGSEND = YES;
				ENABLE_TESTABILITY = YES;
				GCC_C_LANGUAGE_STANDARD = gnu99;
				GCC_DYNAMIC_NO_PIC = NO;
				GCC_NO_COMMON_BLOCKS = YES;
				GCC_OPTIMIZATION_LEVEL = 0;
				GCC_PREPROCESSOR_DEFINITIONS = (
					"DEBUG=1",
					"$(inherited)",
				);
				GCC_SYMBOLS_PRIVATE_EXTERN = NO;
				GCC_WARN_64_TO_32_BIT_CONVERSION = YES;
				GCC_WARN_ABOUT_RETURN_TYPE = YES_ERROR;
				GCC_WARN_UNDECLARED_SELECTOR = YES;
				GCC_WARN_UNINITIALIZED_AUTOS = YES_AGGRESSIVE;
				GCC_WARN_UNUSED_FUNCTION = YES;
				GCC_WARN_UNUSED_VARIABLE = YES;
				IPHONEOS_DEPLOYMENT_TARGET = 8.3;
				MTL_ENABLE_DEBUG_INFO = YES;
				ONLY_ACTIVE_ARCH = YES;
				SDKROOT = iphoneos;
			};
			name = Debug;
		};
		BEEE87691B13CB350038602E /* Release */ = {
			isa = XCBuildConfiguration;
			buildSettings = {
				ALWAYS_SEARCH_USER_PATHS = NO;
				CLANG_CXX_LANGUAGE_STANDARD = "gnu++0x";
				CLANG_CXX_LIBRARY = "libc++";
				CLANG_ENABLE_MODULES = YES;
				CLANG_ENABLE_OBJC_ARC = YES;
				CLANG_WARN_BOOL_CONVERSION = YES;
				CLANG_WARN_CONSTANT_CONVERSION = YES;
				CLANG_WARN_DIRECT_OBJC_ISA_USAGE = YES_ERROR;
				CLANG_WARN_EMPTY_BODY = YES;
				CLANG_WARN_ENUM_CONVERSION = YES;
				CLANG_WARN_INT_CONVERSION = YES;
				CLANG_WARN_OBJC_ROOT_CLASS = YES_ERROR;
				CLANG_WARN_UNREACHABLE_CODE = YES;
				CLANG_WARN__DUPLICATE_METHOD_MATCH = YES;
				"CODE_SIGN_IDENTITY[sdk=iphoneos*]" = "iPhone Developer";
				COPY_PHASE_STRIP = NO;
				DEBUG_INFORMATION_FORMAT = "dwarf-with-dsym";
				ENABLE_NS_ASSERTIONS = NO;
				ENABLE_STRICT_OBJC_MSGSEND = YES;
				GCC_C_LANGUAGE_STANDARD = gnu99;
				GCC_NO_COMMON_BLOCKS = YES;
				GCC_WARN_64_TO_32_BIT_CONVERSION = YES;
				GCC_WARN_ABOUT_RETURN_TYPE = YES_ERROR;
				GCC_WARN_UNDECLARED_SELECTOR = YES;
				GCC_WARN_UNINITIALIZED_AUTOS = YES_AGGRESSIVE;
				GCC_WARN_UNUSED_FUNCTION = YES;
				GCC_WARN_UNUSED_VARIABLE = YES;
				IPHONEOS_DEPLOYMENT_TARGET = 8.3;
				MTL_ENABLE_DEBUG_INFO = NO;
				SDKROOT = iphoneos;
				VALIDATE_PRODUCT = YES;
			};
			name = Release;
		};
		BEEE876B1B13CB350038602E /* Debug */ = {
			isa = XCBuildConfiguration;
			baseConfigurationReference = A55750AD824EC468D6DEF84F /* Pods-Commute.debug.xcconfig */;
			buildSettings = {
				ASSETCATALOG_COMPILER_APPICON_NAME = AppIcon;
				INFOPLIST_FILE = Commute/Info.plist;
				LD_RUNPATH_SEARCH_PATHS = "$(inherited) @executable_path/Frameworks";
				PRODUCT_BUNDLE_IDENTIFIER = "com.dd.$(PRODUCT_NAME:rfc1034identifier)";
				PRODUCT_NAME = "$(TARGET_NAME)";
			};
			name = Debug;
		};
		BEEE876C1B13CB350038602E /* Release */ = {
			isa = XCBuildConfiguration;
			baseConfigurationReference = 9B46E5A0897635CF4B73090B /* Pods-Commute.release.xcconfig */;
			buildSettings = {
				ASSETCATALOG_COMPILER_APPICON_NAME = AppIcon;
				INFOPLIST_FILE = Commute/Info.plist;
				LD_RUNPATH_SEARCH_PATHS = "$(inherited) @executable_path/Frameworks";
				PRODUCT_BUNDLE_IDENTIFIER = "com.dd.$(PRODUCT_NAME:rfc1034identifier)";
				PRODUCT_NAME = "$(TARGET_NAME)";
			};
			name = Release;
		};
		BEEE876E1B13CB350038602E /* Debug */ = {
			isa = XCBuildConfiguration;
			buildSettings = {
				BUNDLE_LOADER = "$(TEST_HOST)";
				FRAMEWORK_SEARCH_PATHS = (
					"$(SDKROOT)/Developer/Library/Frameworks",
					"$(inherited)",
				);
				GCC_PREPROCESSOR_DEFINITIONS = (
					"DEBUG=1",
					"$(inherited)",
				);
				INFOPLIST_FILE = CommuteTests/Info.plist;
				LD_RUNPATH_SEARCH_PATHS = "$(inherited) @executable_path/Frameworks @loader_path/Frameworks";
				PRODUCT_BUNDLE_IDENTIFIER = "com.dd.$(PRODUCT_NAME:rfc1034identifier)";
				PRODUCT_NAME = "$(TARGET_NAME)";
				TEST_HOST = "$(BUILT_PRODUCTS_DIR)/Commute.app/Commute";
			};
			name = Debug;
		};
		BEEE876F1B13CB350038602E /* Release */ = {
			isa = XCBuildConfiguration;
			buildSettings = {
				BUNDLE_LOADER = "$(TEST_HOST)";
				FRAMEWORK_SEARCH_PATHS = (
					"$(SDKROOT)/Developer/Library/Frameworks",
					"$(inherited)",
				);
				INFOPLIST_FILE = CommuteTests/Info.plist;
				LD_RUNPATH_SEARCH_PATHS = "$(inherited) @executable_path/Frameworks @loader_path/Frameworks";
				PRODUCT_BUNDLE_IDENTIFIER = "com.dd.$(PRODUCT_NAME:rfc1034identifier)";
				PRODUCT_NAME = "$(TARGET_NAME)";
				TEST_HOST = "$(BUILT_PRODUCTS_DIR)/Commute.app/Commute";
			};
			name = Release;
		};
/* End XCBuildConfiguration section */

/* Begin XCConfigurationList section */
		BEEE87421B13CB350038602E /* Build configuration list for PBXProject "Commute" */ = {
			isa = XCConfigurationList;
			buildConfigurations = (
				BEEE87681B13CB350038602E /* Debug */,
				BEEE87691B13CB350038602E /* Release */,
			);
			defaultConfigurationIsVisible = 0;
			defaultConfigurationName = Release;
		};
		BEEE876A1B13CB350038602E /* Build configuration list for PBXNativeTarget "Commute" */ = {
			isa = XCConfigurationList;
			buildConfigurations = (
				BEEE876B1B13CB350038602E /* Debug */,
				BEEE876C1B13CB350038602E /* Release */,
			);
			defaultConfigurationIsVisible = 0;
			defaultConfigurationName = Release;
		};
		BEEE876D1B13CB350038602E /* Build configuration list for PBXNativeTarget "CommuteTests" */ = {
			isa = XCConfigurationList;
			buildConfigurations = (
				BEEE876E1B13CB350038602E /* Debug */,
				BEEE876F1B13CB350038602E /* Release */,
			);
			defaultConfigurationIsVisible = 0;
			defaultConfigurationName = Release;
		};
/* End XCConfigurationList section */
	};
	rootObject = BEEE873F1B13CB350038602E /* Project object */;
}
